
Microsoft Visual Studio Solution File, Format Version 12.00
Project("{2150E333-8FDC-42A3-9474-1A3956D46DE8}") = "Infrastructure", "Infrastructure", "{8F31D162-E2B2-481D-AE4F-253700CA62C3}"
	ProjectSection(SolutionItems) = preProject
		..\.gitignore = ..\.gitignore
		..\docker-compose.local.yml = ..\docker-compose.local.yml
	EndProjectSection
EndProject
Project("{2150E333-8FDC-42A3-9474-1A3956D46DE8}") = "Seed URLs Collector", "Seed URLs Collector", "{1C3399FC-B5F1-4CB7-944D-2FAE8B67193D}"
EndProject
Project("{FAE04EC0-301F-11D3-BF4B-00C04F79EFBC}") = "GameScores.SeedUrlExtractor.DataStorage.Contracts", "SeedUrlExtractor\GameScores.SeedUrlExtractor.DataStorage.Contracts\GameScores.SeedUrlExtractor.DataStorage.Contracts.csproj", "{19F3DA30-F578-48B7-B459-A55562972589}"
EndProject
Project("{FAE04EC0-301F-11D3-BF4B-00C04F79EFBC}") = "GameScores.SeedUrlExtractor.DataStorage.Redis", "SeedUrlExtractor\GameScores.SeedUrlExtractor.DataStorage.Redis\GameScores.SeedUrlExtractor.DataStorage.Redis.csproj", "{25CF415B-A18C-4E1D-A829-B72B1F028CE1}"
EndProject
Project("{FAE04EC0-301F-11D3-BF4B-00C04F79EFBC}") = "GameScores.SeedUrlExtractor.Dto", "SeedUrlExtractor\GameScores.SeedUrlExtractor.Dto\GameScores.SeedUrlExtractor.Dto.csproj", "{FC6F3D73-FB92-4F8C-8FF9-155D96B76D31}"
EndProject
Project("{FAE04EC0-301F-11D3-BF4B-00C04F79EFBC}") = "GameScores.SeedUrlExtractor.LiveScoresCom.Worker", "SeedUrlExtractor\GameScores.SeedUrlExtractor.LiveScoresCom.Worker\GameScores.SeedUrlExtractor.LiveScoresCom.Worker.csproj", "{16342D16-09E0-4AF7-8967-0E2CD64D3212}"
EndProject
Project("{FAE04EC0-301F-11D3-BF4B-00C04F79EFBC}") = "GameScores.SeedUrlExtractor.UrlExtractor.Contracts", "SeedUrlExtractor\GameScores.SeedUrlExtractor.UrlExtractor.Contracts\GameScores.SeedUrlExtractor.UrlExtractor.Contracts.csproj", "{16FBB9AA-A611-46A2-9317-616AACE20A7F}"
EndProject
Project("{FAE04EC0-301F-11D3-BF4B-00C04F79EFBC}") = "GameScores.SeedUrlExtractor.UrlExtractor.LiveScoresCom", "SeedUrlExtractor\GameScores.SeedUrlExtractor.UrlExtractor.LiveScoresCom\GameScores.SeedUrlExtractor.UrlExtractor.LiveScoresCom.csproj", "{92A81DA6-B362-49F9-B611-40878EAF25C6}"
EndProject
Project("{FAE04EC0-301F-11D3-BF4B-00C04F79EFBC}") = "GameScores.SeedUrlExtractor.UseCases", "SeedUrlExtractor\GameScores.SeedUrlExtractor.UseCases\GameScores.SeedUrlExtractor.UseCases.csproj", "{470B3F87-286C-4CEA-92C7-72A5BCACE0DE}"
EndProject
Project("{FAE04EC0-301F-11D3-BF4B-00C04F79EFBC}") = "GameScores.SeedUrlExtractor.UseCases.Contracts", "SeedUrlExtractor\GameScores.SeedUrlExtractor.UseCases.Contracts\GameScores.SeedUrlExtractor.UseCases.Contracts.csproj", "{217BEB02-1413-4094-8144-32AD4E6CCBA5}"
EndProject
Project("{FAE04EC0-301F-11D3-BF4B-00C04F79EFBC}") = "GameScores.SeedUrlExtractor.WorkerConfig", "SeedUrlExtractor\GameScores.SeedUrlExtractor.WorkerConfig\GameScores.SeedUrlExtractor.WorkerConfig.csproj", "{47953891-9DC5-476D-B6DB-069D234A46A4}"
EndProject
Project("{2150E333-8FDC-42A3-9474-1A3956D46DE8}") = "Games Collector Worker", "Games Collector Worker", "{3C149BB7-BE46-4C46-ABF8-7B50A93E8ECC}"
EndProject
Project("{FAE04EC0-301F-11D3-BF4B-00C04F79EFBC}") = "GameScores.GamesCollector.LiveScoresCom.Worker", "GamesCollectorWorker\GameScores.GamesCollector.LiveScoresCom.Worker\GameScores.GamesCollector.LiveScoresCom.Worker.csproj", "{C19D0FE6-103E-471A-8C26-3360DF9DE81F}"
EndProject
Project("{FAE04EC0-301F-11D3-BF4B-00C04F79EFBC}") = "GameScores.GamesCollector.ServiceDiscovery.Contracts", "GamesCollectorWorker\GameScores.GamesCollector.ServiceDiscovery.Contracts\GameScores.GamesCollector.ServiceDiscovery.Contracts.csproj", "{D317F4AF-3F5B-4140-8AB9-95C25E76AFB9}"
EndProject
Project("{FAE04EC0-301F-11D3-BF4B-00C04F79EFBC}") = "GameScores.GamesCollector.ServiceDiscovery.Redis", "GamesCollectorWorker\GameScores.GamesCollector.ServiceDiscovery.Redis\GameScores.GamesCollector.ServiceDiscovery.Redis.csproj", "{3EAA6866-098C-435C-98B8-4C978D5BEB9A}"
EndProject
Project("{FAE04EC0-301F-11D3-BF4B-00C04F79EFBC}") = "GameScores.GamesCollector.Worker", "GamesCollectorWorker\GameScores.GamesCollector.Worker\GameScores.GamesCollector.Worker.csproj", "{E166A1D9-A027-4CD4-90E7-0EAF4DD209C5}"
EndProject
Global
	GlobalSection(SolutionConfigurationPlatforms) = preSolution
		Debug|Any CPU = Debug|Any CPU
		Release|Any CPU = Release|Any CPU
	EndGlobalSection
	GlobalSection(NestedProjects) = preSolution
		{19F3DA30-F578-48B7-B459-A55562972589} = {1C3399FC-B5F1-4CB7-944D-2FAE8B67193D}
		{25CF415B-A18C-4E1D-A829-B72B1F028CE1} = {1C3399FC-B5F1-4CB7-944D-2FAE8B67193D}
		{FC6F3D73-FB92-4F8C-8FF9-155D96B76D31} = {1C3399FC-B5F1-4CB7-944D-2FAE8B67193D}
		{16342D16-09E0-4AF7-8967-0E2CD64D3212} = {1C3399FC-B5F1-4CB7-944D-2FAE8B67193D}
		{16FBB9AA-A611-46A2-9317-616AACE20A7F} = {1C3399FC-B5F1-4CB7-944D-2FAE8B67193D}
		{92A81DA6-B362-49F9-B611-40878EAF25C6} = {1C3399FC-B5F1-4CB7-944D-2FAE8B67193D}
		{470B3F87-286C-4CEA-92C7-72A5BCACE0DE} = {1C3399FC-B5F1-4CB7-944D-2FAE8B67193D}
		{217BEB02-1413-4094-8144-32AD4E6CCBA5} = {1C3399FC-B5F1-4CB7-944D-2FAE8B67193D}
		{47953891-9DC5-476D-B6DB-069D234A46A4} = {1C3399FC-B5F1-4CB7-944D-2FAE8B67193D}
		{C19D0FE6-103E-471A-8C26-3360DF9DE81F} = {3C149BB7-BE46-4C46-ABF8-7B50A93E8ECC}
		{D317F4AF-3F5B-4140-8AB9-95C25E76AFB9} = {3C149BB7-BE46-4C46-ABF8-7B50A93E8ECC}
		{3EAA6866-098C-435C-98B8-4C978D5BEB9A} = {3C149BB7-BE46-4C46-ABF8-7B50A93E8ECC}
		{E166A1D9-A027-4CD4-90E7-0EAF4DD209C5} = {3C149BB7-BE46-4C46-ABF8-7B50A93E8ECC}
	EndGlobalSection
	GlobalSection(ProjectConfigurationPlatforms) = postSolution
		{19F3DA30-F578-48B7-B459-A55562972589}.Debug|Any CPU.ActiveCfg = Debug|Any CPU
		{19F3DA30-F578-48B7-B459-A55562972589}.Debug|Any CPU.Build.0 = Debug|Any CPU
		{19F3DA30-F578-48B7-B459-A55562972589}.Release|Any CPU.ActiveCfg = Release|Any CPU
		{19F3DA30-F578-48B7-B459-A55562972589}.Release|Any CPU.Build.0 = Release|Any CPU
		{25CF415B-A18C-4E1D-A829-B72B1F028CE1}.Debug|Any CPU.ActiveCfg = Debug|Any CPU
		{25CF415B-A18C-4E1D-A829-B72B1F028CE1}.Debug|Any CPU.Build.0 = Debug|Any CPU
		{25CF415B-A18C-4E1D-A829-B72B1F028CE1}.Release|Any CPU.ActiveCfg = Release|Any CPU
		{25CF415B-A18C-4E1D-A829-B72B1F028CE1}.Release|Any CPU.Build.0 = Release|Any CPU
		{FC6F3D73-FB92-4F8C-8FF9-155D96B76D31}.Debug|Any CPU.ActiveCfg = Debug|Any CPU
		{FC6F3D73-FB92-4F8C-8FF9-155D96B76D31}.Debug|Any CPU.Build.0 = Debug|Any CPU
		{FC6F3D73-FB92-4F8C-8FF9-155D96B76D31}.Release|Any CPU.ActiveCfg = Release|Any CPU
		{FC6F3D73-FB92-4F8C-8FF9-155D96B76D31}.Release|Any CPU.Build.0 = Release|Any CPU
		{16342D16-09E0-4AF7-8967-0E2CD64D3212}.Debug|Any CPU.ActiveCfg = Debug|Any CPU
		{16342D16-09E0-4AF7-8967-0E2CD64D3212}.Debug|Any CPU.Build.0 = Debug|Any CPU
		{16342D16-09E0-4AF7-8967-0E2CD64D3212}.Release|Any CPU.ActiveCfg = Release|Any CPU
		{16342D16-09E0-4AF7-8967-0E2CD64D3212}.Release|Any CPU.Build.0 = Release|Any CPU
		{16FBB9AA-A611-46A2-9317-616AACE20A7F}.Debug|Any CPU.ActiveCfg = Debug|Any CPU
		{16FBB9AA-A611-46A2-9317-616AACE20A7F}.Debug|Any CPU.Build.0 = Debug|Any CPU
		{16FBB9AA-A611-46A2-9317-616AACE20A7F}.Release|Any CPU.ActiveCfg = Release|Any CPU
		{16FBB9AA-A611-46A2-9317-616AACE20A7F}.Release|Any CPU.Build.0 = Release|Any CPU
		{92A81DA6-B362-49F9-B611-40878EAF25C6}.Debug|Any CPU.ActiveCfg = Debug|Any CPU
		{92A81DA6-B362-49F9-B611-40878EAF25C6}.Debug|Any CPU.Build.0 = Debug|Any CPU
		{92A81DA6-B362-49F9-B611-40878EAF25C6}.Release|Any CPU.ActiveCfg = Release|Any CPU
		{92A81DA6-B362-49F9-B611-40878EAF25C6}.Release|Any CPU.Build.0 = Release|Any CPU
		{470B3F87-286C-4CEA-92C7-72A5BCACE0DE}.Debug|Any CPU.ActiveCfg = Debug|Any CPU
		{470B3F87-286C-4CEA-92C7-72A5BCACE0DE}.Debug|Any CPU.Build.0 = Debug|Any CPU
		{470B3F87-286C-4CEA-92C7-72A5BCACE0DE}.Release|Any CPU.ActiveCfg = Release|Any CPU
		{470B3F87-286C-4CEA-92C7-72A5BCACE0DE}.Release|Any CPU.Build.0 = Release|Any CPU
		{217BEB02-1413-4094-8144-32AD4E6CCBA5}.Debug|Any CPU.ActiveCfg = Debug|Any CPU
		{217BEB02-1413-4094-8144-32AD4E6CCBA5}.Debug|Any CPU.Build.0 = Debug|Any CPU
		{217BEB02-1413-4094-8144-32AD4E6CCBA5}.Release|Any CPU.ActiveCfg = Release|Any CPU
		{217BEB02-1413-4094-8144-32AD4E6CCBA5}.Release|Any CPU.Build.0 = Release|Any CPU
		{47953891-9DC5-476D-B6DB-069D234A46A4}.Debug|Any CPU.ActiveCfg = Debug|Any CPU
		{47953891-9DC5-476D-B6DB-069D234A46A4}.Debug|Any CPU.Build.0 = Debug|Any CPU
		{47953891-9DC5-476D-B6DB-069D234A46A4}.Release|Any CPU.ActiveCfg = Release|Any CPU
		{47953891-9DC5-476D-B6DB-069D234A46A4}.Release|Any CPU.Build.0 = Release|Any CPU
		{C19D0FE6-103E-471A-8C26-3360DF9DE81F}.Debug|Any CPU.ActiveCfg = Debug|Any CPU
		{C19D0FE6-103E-471A-8C26-3360DF9DE81F}.Debug|Any CPU.Build.0 = Debug|Any CPU
		{C19D0FE6-103E-471A-8C26-3360DF9DE81F}.Release|Any CPU.ActiveCfg = Release|Any CPU
		{C19D0FE6-103E-471A-8C26-3360DF9DE81F}.Release|Any CPU.Build.0 = Release|Any CPU
		{D317F4AF-3F5B-4140-8AB9-95C25E76AFB9}.Debug|Any CPU.ActiveCfg = Debug|Any CPU
		{D317F4AF-3F5B-4140-8AB9-95C25E76AFB9}.Debug|Any CPU.Build.0 = Debug|Any CPU
		{D317F4AF-3F5B-4140-8AB9-95C25E76AFB9}.Release|Any CPU.ActiveCfg = Release|Any CPU
		{D317F4AF-3F5B-4140-8AB9-95C25E76AFB9}.Release|Any CPU.Build.0 = Release|Any CPU
		{3EAA6866-098C-435C-98B8-4C978D5BEB9A}.Debug|Any CPU.ActiveCfg = Debug|Any CPU
		{3EAA6866-098C-435C-98B8-4C978D5BEB9A}.Debug|Any CPU.Build.0 = Debug|Any CPU
		{3EAA6866-098C-435C-98B8-4C978D5BEB9A}.Release|Any CPU.ActiveCfg = Release|Any CPU
		{3EAA6866-098C-435C-98B8-4C978D5BEB9A}.Release|Any CPU.Build.0 = Release|Any CPU
		{E166A1D9-A027-4CD4-90E7-0EAF4DD209C5}.Debug|Any CPU.ActiveCfg = Debug|Any CPU
		{E166A1D9-A027-4CD4-90E7-0EAF4DD209C5}.Debug|Any CPU.Build.0 = Debug|Any CPU
		{E166A1D9-A027-4CD4-90E7-0EAF4DD209C5}.Release|Any CPU.ActiveCfg = Release|Any CPU
		{E166A1D9-A027-4CD4-90E7-0EAF4DD209C5}.Release|Any CPU.Build.0 = Release|Any CPU
	EndGlobalSection
EndGlobal
